
Microsoft Visual Studio Solution File, Format Version 12.00
Project("{FAE04EC0-301F-11D3-BF4B-00C04F79EFBC}") = "program_tech_labs_cw", "program_tech_labs_cw\program_tech_labs_cw.csproj", "{8515C2C8-51FF-45D6-AE47-4A3BFBEA6547}"
EndProject
Project("{FAE04EC0-301F-11D3-BF4B-00C04F79EFBC}") = "sandbox", "sandbox\sandbox.csproj", "{08278878-ED52-42CB-AA2E-6A71D9ABD37A}"
EndProject
Global
	GlobalSection(SolutionConfigurationPlatforms) = preSolution
		Debug|Any CPU = Debug|Any CPU
		Release|Any CPU = Release|Any CPU
	EndGlobalSection
	GlobalSection(ProjectConfigurationPlatforms) = postSolution
		{8515C2C8-51FF-45D6-AE47-4A3BFBEA6547}.Debug|Any CPU.ActiveCfg = Debug|Any CPU
		{8515C2C8-51FF-45D6-AE47-4A3BFBEA6547}.Debug|Any CPU.Build.0 = Debug|Any CPU
		{8515C2C8-51FF-45D6-AE47-4A3BFBEA6547}.Release|Any CPU.ActiveCfg = Release|Any CPU
		{8515C2C8-51FF-45D6-AE47-4A3BFBEA6547}.Release|Any CPU.Build.0 = Release|Any CPU
		{08278878-ED52-42CB-AA2E-6A71D9ABD37A}.Debug|Any CPU.ActiveCfg = Debug|Any CPU
		{08278878-ED52-42CB-AA2E-6A71D9ABD37A}.Debug|Any CPU.Build.0 = Debug|Any CPU
		{08278878-ED52-42CB-AA2E-6A71D9ABD37A}.Release|Any CPU.ActiveCfg = Release|Any CPU
		{08278878-ED52-42CB-AA2E-6A71D9ABD37A}.Release|Any CPU.Build.0 = Release|Any CPU
	EndGlobalSection
EndGlobal
